# This file is automatically @generated by Cargo.
# It is not intended for manual editing.
version = 4

[[package]]
name = "fixture-gen"
version = "0.0.0"
dependencies = [
 "meshwork-demo-notes-sync",
]

[[package]]
name = "meshwork-demo-notes-sync"
version = "0.1.0"
source = "git+https://github.com/jbrjake/meshwork-demo-notes-sync?tag=v0.1.0#ebac8eb797369ef9743b11b7a476e342972aada5"
